Microsoft Visual Studio Solution File, Format Version 12.00
# Visual Studio Version 17
VisualStudioVersion = 17.0.31611.283
MinimumVisualStudioVersion = 10.0.40219.1
Project("{9A19103F-16F7-4668-BE54-9A1E7A4F7556}") = "MauiSide", "MauiSide\MauiSide.csproj", "{50A2AA68-551A-4AF3-B958-1FEE69FFD6F1}"
EndProject
Project("{FAE04EC0-301F-11D3-BF4B-00C04F79EFBC}") = "RazorClassLibrary1", "RazorClassLibrary1\RazorClassLibrary1.csproj", "{6AE73422-D10A-445B-9909-C411E373D265}"
EndProject
Project("{FAE04EC0-301F-11D3-BF4B-00C04F79EFBC}") = "WebassemblySide", "WebassemblySide\WebassemblySide.csproj", "{6766B53A-3F06-4795-A5CE-028A5CAF1A03}"
EndProject
Global
	GlobalSection(SolutionConfigurationPlatforms) = preSolution
		Debug|Any CPU = Debug|Any CPU
		Release|Any CPU = Release|Any CPU
	EndGlobalSection
	GlobalSection(ProjectConfigurationPlatforms) = postSolution
		{50A2AA68-551A-4AF3-B958-1FEE69FFD6F1}.Debug|Any CPU.ActiveCfg = Debug|Any CPU
		{50A2AA68-551A-4AF3-B958-1FEE69FFD6F1}.Debug|Any CPU.Build.0 = Debug|Any CPU
		{50A2AA68-551A-4AF3-B958-1FEE69FFD6F1}.Debug|Any CPU.Deploy.0 = Debug|Any CPU
		{50A2AA68-551A-4AF3-B958-1FEE69FFD6F1}.Release|Any CPU.ActiveCfg = Release|Any CPU
		{50A2AA68-551A-4AF3-B958-1FEE69FFD6F1}.Release|Any CPU.Build.0 = Release|Any CPU
		{50A2AA68-551A-4AF3-B958-1FEE69FFD6F1}.Release|Any CPU.Deploy.0 = Release|Any CPU
		{6AE73422-D10A-445B-9909-C411E373D265}.Debug|Any CPU.ActiveCfg = Debug|Any CPU
		{6AE73422-D10A-445B-9909-C411E373D265}.Debug|Any CPU.Build.0 = Debug|Any CPU
		{6AE73422-D10A-445B-9909-C411E373D265}.Release|Any CPU.ActiveCfg = Release|Any CPU
		{6AE73422-D10A-445B-9909-C411E373D265}.Release|Any CPU.Build.0 = Release|Any CPU
		{6766B53A-3F06-4795-A5CE-028A5CAF1A03}.Debug|Any CPU.ActiveCfg = Debug|Any CPU
		{6766B53A-3F06-4795-A5CE-028A5CAF1A03}.Debug|Any CPU.Build.0 = Debug|Any CPU
		{6766B53A-3F06-4795-A5CE-028A5CAF1A03}.Release|Any CPU.ActiveCfg = Release|Any CPU
		{6766B53A-3F06-4795-A5CE-028A5CAF1A03}.Release|Any CPU.Build.0 = Release|Any CPU
	EndGlobalSection
	GlobalSection(SolutionProperties) = preSolution
		HideSolutionNode = FALSE
	EndGlobalSection
	GlobalSection(ExtensibilityGlobals) = postSolution
		SolutionGuid = {61F7FB11-1E47-470C-91E2-47F8143E1572}
	EndGlobalSection
EndGlobal
